{
  "version": 1,
  "dependencies": {
    "net10.0": {
      "onlywinget.application": {
        "type": "Project",
        "dependencies": {
          "OnlyWinget.Domain": "[1.0.0, )"
        }
      },
      "onlywinget.domain": {
        "type": "Project"
      }
    },
    "net10.0/win-x64": {}
  }
}